
Microsoft Visual Studio Solution File, Format Version 12.00
# Visual Studio 14
VisualStudioVersion = 14.0.23107.0
MinimumVisualStudioVersion = 10.0.40219.1
Project("{FAE04EC0-301F-11D3-BF4B-00C04F79EFBC}") = "Books", "BooksCollection\Books.csproj", "{45317D3F-CA45-4074-87B7-B9623D9F184D}"
EndProject
Project("{FAE04EC0-301F-11D3-BF4B-00C04F79EFBC}") = "ConsoleBooksApp", "ConsoleBooksApp\ConsoleBooksApp.csproj", "{2D4F321C-8870-446A-B79B-D94CDDC49B5C}"
EndProject
Global
	GlobalSection(SolutionConfigurationPlatforms) = preSolution
		Debug|Any CPU = Debug|Any CPU
		Release|Any CPU = Release|Any CPU
	EndGlobalSection
	GlobalSection(ProjectConfigurationPlatforms) = postSolution
		{45317D3F-CA45-4074-87B7-B9623D9F184D}.Debug|Any CPU.ActiveCfg = Debug|Any CPU
		{45317D3F-CA45-4074-87B7-B9623D9F184D}.Debug|Any CPU.Build.0 = Debug|Any CPU
		{45317D3F-CA45-4074-87B7-B9623D9F184D}.Release|Any CPU.ActiveCfg = Release|Any CPU
		{45317D3F-CA45-4074-87B7-B9623D9F184D}.Release|Any CPU.Build.0 = Release|Any CPU
		{2D4F321C-8870-446A-B79B-D94CDDC49B5C}.Debug|Any CPU.ActiveCfg = Debug|Any CPU
		{2D4F321C-8870-446A-B79B-D94CDDC49B5C}.Debug|Any CPU.Build.0 = Debug|Any CPU
		{2D4F321C-8870-446A-B79B-D94CDDC49B5C}.Release|Any CPU.ActiveCfg = Release|Any CPU
		{2D4F321C-8870-446A-B79B-D94CDDC49B5C}.Release|Any CPU.Build.0 = Release|Any CPU
	EndGlobalSection
	GlobalSection(SolutionProperties) = preSolution
		HideSolutionNode = FALSE
	EndGlobalSection
EndGlobal
